
Microsoft Visual Studio Solution File, Format Version 12.00
# Visual Studio Version 16
VisualStudioVersion = 16.0.33927.289
MinimumVisualStudioVersion = 10.0.40219.1
Project("{FAE04EC0-301F-11D3-BF4B-00C04F79EFBC}") = "project", "project\project.csproj", "{B7260E5D-014E-47C6-B2CC-F6F2983C3A68}"
EndProject
Global
	GlobalSection(SolutionConfigurationPlatforms) = preSolution
		Debug|Any CPU = Debug|Any CPU
		Release|Any CPU = Release|Any CPU
	EndGlobalSection
	GlobalSection(ProjectConfigurationPlatforms) = postSolution
		{B7260E5D-014E-47C6-B2CC-F6F2983C3A68}.Debug|Any CPU.ActiveCfg = Debug|Any CPU
		{B7260E5D-014E-47C6-B2CC-F6F2983C3A68}.Debug|Any CPU.Build.0 = Debug|Any CPU
		{B7260E5D-014E-47C6-B2CC-F6F2983C3A68}.Release|Any CPU.ActiveCfg = Release|Any CPU
		{B7260E5D-014E-47C6-B2CC-F6F2983C3A68}.Release|Any CPU.Build.0 = Release|Any CPU
	EndGlobalSection
	GlobalSection(SolutionProperties) = preSolution
		HideSolutionNode = FALSE
	EndGlobalSection
	GlobalSection(ExtensibilityGlobals) = postSolution
		SolutionGuid = {FA6D04E5-0185-4A8F-BF6A-E30C7D8C4CB2}
	EndGlobalSection
EndGlobal
